// !$*UTF8*$!
{
	archiveVersion = 1;
	classes = {
	};
	objectVersion = 55;
	objects = {

/* Begin PBXBuildFile section */
		EF6C815F2BA7A3A90053E8DD /* AppDelegate.swift in Sources */ = {isa = PBXBuildFile; fileRef = EF6C815E2BA7A3A90053E8DD /* AppDelegate.swift */; };
		EF6C81612BA7A3A90053E8DD /* SceneDelegate.swift in Sources */ = {isa = PBXBuildFile; fileRef = EF6C81602BA7A3A90053E8DD /* SceneDelegate.swift */; };
		EF6C81632BA7A3A90053E8DD /* ViewController.swift in Sources */ = {isa = PBXBuildFile; fileRef = EF6C81622BA7A3A90053E8DD /* ViewController.swift */; };
		EF6C81662BA7A3A90053E8DD /* Main.storyboard in Resources */ = {isa = PBXBuildFile; fileRef = EF6C81642BA7A3A90053E8DD /* Main.storyboard */; };
		EF6C81682BA7A3AB0053E8DD /* Assets.xcassets in Resources */ = {isa = PBXBuildFile; fileRef = EF6C81672BA7A3AB0053E8DD /* Assets.xcassets */; };
		EF6C816B2BA7A3AB0053E8DD /* LaunchScreen.storyboard in Resources */ = {isa = PBXBuildFile; fileRef = EF6C81692BA7A3AB0053E8DD /* LaunchScreen.storyboard */; };
		EF6C81762BA7A3AB0053E8DD /* login_exampleTests.swift in Sources */ = {isa = PBXBuildFile; fileRef = EF6C81752BA7A3AB0053E8DD /* login_exampleTests.swift */; };
		EF6C81802BA7A3AB0053E8DD /* login_exampleUITests.swift in Sources */ = {isa = PBXBuildFile; fileRef = EF6C817F2BA7A3AB0053E8DD /* login_exampleUITests.swift */; };
		EF6C81822BA7A3AB0053E8DD /* login_exampleUITestsLaunchTests.swift in Sources */ = {isa = PBXBuildFile; fileRef = EF6C81812BA7A3AB0053E8DD /* login_exampleUITestsLaunchTests.swift */; };
		EF6C818F2BA7AB060053E8DD /* LoginViewController.swift in Sources */ = {isa = PBXBuildFile; fileRef = EF6C818E2BA7AB060053E8DD /* LoginViewController.swift */; };
		EF6C81912BA7AD540053E8DD /* CreateNewViewController.swift in Sources */ = {isa = PBXBuildFile; fileRef = EF6C81902BA7AD540053E8DD /* CreateNewViewController.swift */; };
		EF6C81962BA7B4B30053E8DD /* FirebaseAuth in Frameworks */ = {isa = PBXBuildFile; productRef = EF6C81952BA7B4B30053E8DD /* FirebaseAuth */; };
		EF6C81982BA7C2A80053E8DD /* GoogleService-Info.plist in Resources */ = {isa = PBXBuildFile; fileRef = EF6C81972BA7C2A80053E8DD /* GoogleService-Info.plist */; };
		EF6C81992BA7C2A80053E8DD /* GoogleService-Info.plist in Resources */ = {isa = PBXBuildFile; fileRef = EF6C81972BA7C2A80053E8DD /* GoogleService-Info.plist */; };
		EF6C819F2BA92C210053E8DD /* StartViewController.swift in Sources */ = {isa = PBXBuildFile; fileRef = EF6C819E2BA92C210053E8DD /* StartViewController.swift */; };
		EF6C81A02BA92C210053E8DD /* StartViewController.swift in Sources */ = {isa = PBXBuildFile; fileRef = EF6C819E2BA92C210053E8DD /* StartViewController.swift */; };
/* End PBXBuildFile section */

/* Begin PBXContainerItemProxy section */
		EF6C81722BA7A3AB0053E8DD /* PBXContainerItemProxy */ = {
			isa = PBXContainerItemProxy;
			containerPortal = EF6C81532BA7A3A90053E8DD /* Project object */;
			proxyType = 1;
			remoteGlobalIDString = EF6C815A2BA7A3A90053E8DD;
			remoteInfo = "login example";
		};
		EF6C817C2BA7A3AB0053E8DD /* PBXContainerItemProxy */ = {
			isa = PBXContainerItemProxy;
			containerPortal = EF6C81532BA7A3A90053E8DD /* Project object */;
			proxyType = 1;
			remoteGlobalIDString = EF6C815A2BA7A3A90053E8DD;
			remoteInfo = "login example";
		};
/* End PBXContainerItemProxy section */

/* Begin PBXFileReference section */
		EF6C815B2BA7A3A90053E8DD /* login example.app */ = {isa = PBXFileReference; explicitFileType = wrapper.application; includeInIndex = 0; path = "login example.app"; sourceTree = BUILT_PRODUCTS_DIR; };
		EF6C815E2BA7A3A90053E8DD /* AppDelegate.swift */ = {isa = PBXFileReference; lastKnownFileType = sourcecode.swift; path = AppDelegate.swift; sourceTree = "<group>"; };
		EF6C81602BA7A3A90053E8DD /* SceneDelegate.swift */ = {isa = PBXFileReference; lastKnownFileType = sourcecode.swift; path = SceneDelegate.swift; sourceTree = "<group>"; };
		EF6C81622BA7A3A90053E8DD /* ViewController.swift */ = {isa = PBXFileReference; lastKnownFileType = sourcecode.swift; path = ViewController.swift; sourceTree = "<group>"; };
		EF6C81652BA7A3A90053E8DD /* Base */ = {isa = PBXFileReference; lastKnownFileType = file.storyboard; name = Base; path = Base.lproj/Main.storyboard; sourceTree = "<group>"; };
		EF6C81672BA7A3AB0053E8DD /* Assets.xcassets */ = {isa = PBXFileReference; lastKnownFileType = folder.assetcatalog; path = Assets.xcassets; sourceTree = "<group>"; };
		EF6C816A2BA7A3AB0053E8DD /* Base */ = {isa = PBXFileReference; lastKnownFileType = file.storyboard; name = Base; path = Base.lproj/LaunchScreen.storyboard; sourceTree = "<group>"; };
		EF6C816C2BA7A3AB0053E8DD /* Info.plist */ = {isa = PBXFileReference; lastKnownFileType = text.plist.xml; path = Info.plist; sourceTree = "<group>"; };
		EF6C81712BA7A3AB0053E8DD /* login exampleTests.xctest */ = {isa = PBXFileReference; explicitFileType = wrapper.cfbundle; includeInIndex = 0; path = "login exampleTests.xctest"; sourceTree = BUILT_PRODUCTS_DIR; };
		EF6C81752BA7A3AB0053E8DD /* login_exampleTests.swift */ = {isa = PBXFileReference; lastKnownFileType = sourcecode.swift; path = login_exampleTests.swift; sourceTree = "<group>"; };
		EF6C817B2BA7A3AB0053E8DD /* login exampleUITests.xctest */ = {isa = PBXFileReference; explicitFileType = wrapper.cfbundle; includeInIndex = 0; path = "login exampleUITests.xctest"; sourceTree = BUILT_PRODUCTS_DIR; };
		EF6C817F2BA7A3AB0053E8DD /* login_exampleUITests.swift */ = {isa = PBXFileReference; lastKnownFileType = sourcecode.swift; path = login_exampleUITests.swift; sourceTree = "<group>"; };
		EF6C81812BA7A3AB0053E8DD /* login_exampleUITestsLaunchTests.swift */ = {isa = PBXFileReference; lastKnownFileType = sourcecode.swift; path = login_exampleUITestsLaunchTests.swift; sourceTree = "<group>"; };
		EF6C818E2BA7AB060053E8DD /* LoginViewController.swift */ = {isa = PBXFileReference; lastKnownFileType = sourcecode.swift; path = LoginViewController.swift; sourceTree = "<group>"; };
		EF6C81902BA7AD540053E8DD /* CreateNewViewController.swift */ = {isa = PBXFileReference; lastKnownFileType = sourcecode.swift; path = CreateNewViewController.swift; sourceTree = "<group>"; };
		EF6C81972BA7C2A80053E8DD /* GoogleService-Info.plist */ = {isa = PBXFileReference; fileEncoding = 4; lastKnownFileType = text.plist.xml; name = "GoogleService-Info.plist"; path = "../../../../Downloads/GoogleService-Info.plist"; sourceTree = "<group>"; };
		EF6C819A2BA7C2CA0053E8DD /* GoogleService-Info.plist */ = {isa = PBXFileReference; lastKnownFileType = text.plist.xml; path = "GoogleService-Info.plist"; sourceTree = "<group>"; };
		EF6C819E2BA92C210053E8DD /* StartViewController.swift */ = {isa = PBXFileReference; lastKnownFileType = sourcecode.swift; path = StartViewController.swift; sourceTree = "<group>"; };
/* End PBXFileReference section */

/* Begin PBXFrameworksBuildPhase section */
		EF6C81582BA7A3A90053E8DD /* Frameworks */ = {
			isa = PBXFrameworksBuildPhase;
			buildActionMask = 2147483647;
			files = (
				EF6C81962BA7B4B30053E8DD /* FirebaseAuth in Frameworks */,
			);
			runOnlyForDeploymentPostprocessing = 0;
		};
		EF6C816E2BA7A3AB0053E8DD /* Frameworks */ = {
			isa = PBXFrameworksBuildPhase;
			buildActionMask = 2147483647;
			files = (
			);
			runOnlyForDeploymentPostprocessing = 0;
		};
		EF6C81782BA7A3AB0053E8DD /* Frameworks */ = {
			isa = PBXFrameworksBuildPhase;
			buildActionMask = 2147483647;
			files = (
			);
			runOnlyForDeploymentPostprocessing = 0;
		};
/* End PBXFrameworksBuildPhase section */

/* Begin PBXGroup section */
		EF6C81522BA7A3A90053E8DD = {
			isa = PBXGroup;
			children = (
				EF6C815D2BA7A3A90053E8DD /* login example */,
				EF6C81742BA7A3AB0053E8DD /* login exampleTests */,
				EF6C817E2BA7A3AB0053E8DD /* login exampleUITests */,
				EF6C815C2BA7A3A90053E8DD /* Products */,
			);
			sourceTree = "<group>";
		};
		EF6C815C2BA7A3A90053E8DD /* Products */ = {
			isa = PBXGroup;
			children = (
				EF6C815B2BA7A3A90053E8DD /* login example.app */,
				EF6C81712BA7A3AB0053E8DD /* login exampleTests.xctest */,
				EF6C817B2BA7A3AB0053E8DD /* login exampleUITests.xctest */,
			);
			name = Products;
			sourceTree = "<group>";
		};
		EF6C815D2BA7A3A90053E8DD /* login example */ = {
			isa = PBXGroup;
			children = (
				EF6C815E2BA7A3A90053E8DD /* AppDelegate.swift */,
				EF6C81602BA7A3A90053E8DD /* SceneDelegate.swift */,
				EF6C81622BA7A3A90053E8DD /* ViewController.swift */,
				EF6C81642BA7A3A90053E8DD /* Main.storyboard */,
				EF6C819E2BA92C210053E8DD /* StartViewController.swift */,
				EF6C81902BA7AD540053E8DD /* CreateNewViewController.swift */,
				EF6C818E2BA7AB060053E8DD /* LoginViewController.swift */,
				EF6C81672BA7A3AB0053E8DD /* Assets.xcassets */,
				EF6C81692BA7A3AB0053E8DD /* LaunchScreen.storyboard */,
				EF6C816C2BA7A3AB0053E8DD /* Info.plist */,
				EF6C819A2BA7C2CA0053E8DD /* GoogleService-Info.plist */,
			);
			path = "login example";
			sourceTree = "<group>";
		};
		EF6C81742BA7A3AB0053E8DD /* login exampleTests */ = {
			isa = PBXGroup;
			children = (
				EF6C81752BA7A3AB0053E8DD /* login_exampleTests.swift */,
			);
			path = "login exampleTests";
			sourceTree = "<group>";
		};
		EF6C817E2BA7A3AB0053E8DD /* login exampleUITests */ = {
			isa = PBXGroup;
			children = (
				EF6C817F2BA7A3AB0053E8DD /* login_exampleUITests.swift */,
				EF6C81812BA7A3AB0053E8DD /* login_exampleUITestsLaunchTests.swift */,
				EF6C81972BA7C2A80053E8DD /* GoogleService-Info.plist */,
			);
			path = "login exampleUITests";
			sourceTree = "<group>";
		};
/* End PBXGroup section */

/* Begin PBXNativeTarget section */
		EF6C815A2BA7A3A90053E8DD /* login example */ = {
			isa = PBXNativeTarget;
			buildConfigurationList = EF6C81852BA7A3AB0053E8DD /* Build configuration list for PBXNativeTarget "login example" */;
			buildPhases = (
				EF6C81572BA7A3A90053E8DD /* Sources */,
				EF6C81582BA7A3A90053E8DD /* Frameworks */,
				EF6C81592BA7A3A90053E8DD /* Resources */,
			);
			buildRules = (
			);
			dependencies = (
			);
			name = "login example";
			packageProductDependencies = (
				EF6C81952BA7B4B30053E8DD /* FirebaseAuth */,
			);
			productName = "login example";
			productReference = EF6C815B2BA7A3A90053E8DD /* login example.app */;
			productType = "com.apple.product-type.application";
		};
		EF6C81702BA7A3AB0053E8DD /* login exampleTests */ = {
			isa = PBXNativeTarget;
			buildConfigurationList = EF6C81882BA7A3AB0053E8DD /* Build configuration list for PBXNativeTarget "login exampleTests" */;
			buildPhases = (
				EF6C816D2BA7A3AB0053E8DD /* Sources */,
				EF6C816E2BA7A3AB0053E8DD /* Frameworks */,
				EF6C816F2BA7A3AB0053E8DD /* Resources */,
			);
			buildRules = (
			);
			dependencies = (
				EF6C81732BA7A3AB0053E8DD /* PBXTargetDependency */,
			);
			name = "login exampleTests";
			productName = "login exampleTests";
			productReference = EF6C81712BA7A3AB0053E8DD /* login exampleTests.xctest */;
			productType = "com.apple.product-type.bundle.unit-test";
		};
		EF6C817A2BA7A3AB0053E8DD /* login exampleUITests */ = {
			isa = PBXNativeTarget;
			buildConfigurationList = EF6C818B2BA7A3AB0053E8DD /* Build configuration list for PBXNativeTarget "login exampleUITests" */;
			buildPhases = (
				EF6C81772BA7A3AB0053E8DD /* Sources */,
				EF6C81782BA7A3AB0053E8DD /* Frameworks */,
				EF6C81792BA7A3AB0053E8DD /* Resources */,
			);
			buildRules = (
			);
			dependencies = (
				EF6C817D2BA7A3AB0053E8DD /* PBXTargetDependency */,
			);
			name = "login exampleUITests";
			productName = "login exampleUITests";
			productReference = EF6C817B2BA7A3AB0053E8DD /* login exampleUITests.xctest */;
			productType = "com.apple.product-type.bundle.ui-testing";
		};
/* End PBXNativeTarget section */

/* Begin PBXProject section */
		EF6C81532BA7A3A90053E8DD /* Project object */ = {
			isa = PBXProject;
			attributes = {
				BuildIndependentTargetsInParallel = 1;
				LastSwiftUpdateCheck = 1320;
				LastUpgradeCheck = 1320;
				TargetAttributes = {
					EF6C815A2BA7A3A90053E8DD = {
						CreatedOnToolsVersion = 13.2.1;
					};
					EF6C81702BA7A3AB0053E8DD = {
						CreatedOnToolsVersion = 13.2.1;
						TestTargetID = EF6C815A2BA7A3A90053E8DD;
					};
					EF6C817A2BA7A3AB0053E8DD = {
						CreatedOnToolsVersion = 13.2.1;
						TestTargetID = EF6C815A2BA7A3A90053E8DD;
					};
				};
			};
			buildConfigurationList = EF6C81562BA7A3A90053E8DD /* Build configuration list for PBXProject "login example" */;
			compatibilityVersion = "Xcode 13.0";
			developmentRegion = en;
			hasScannedForEncodings = 0;
			knownRegions = (
				en,
				Base,
			);
			mainGroup = EF6C81522BA7A3A90053E8DD;
			packageReferences = (
				EF6C81942BA7B4B30053E8DD /* XCRemoteSwiftPackageReference "firebase-ios-sdk" */,
			);
			productRefGroup = EF6C815C2BA7A3A90053E8DD /* Products */;
			projectDirPath = "";
			projectRoot = "";
			targets = (
				EF6C815A2BA7A3A90053E8DD /* login example */,
				EF6C81702BA7A3AB0053E8DD /* login exampleTests */,
				EF6C817A2BA7A3AB0053E8DD /* login exampleUITests */,
			);
		};
/* End PBXProject section */

/* Begin PBXResourcesBuildPhase section */
		EF6C81592BA7A3A90053E8DD /* Resources */ = {
			isa = PBXResourcesBuildPhase;
			buildActionMask = 2147483647;
			files = (
				EF6C816B2BA7A3AB0053E8DD /* LaunchScreen.storyboard in Resources */,
				EF6C81982BA7C2A80053E8DD /* GoogleService-Info.plist in Resources */,
				EF6C81682BA7A3AB0053E8DD /* Assets.xcassets in Resources */,
				EF6C81662BA7A3A90053E8DD /* Main.storyboard in Resources */,
			);
			runOnlyForDeploymentPostprocessing = 0;
		};
		EF6C816F2BA7A3AB0053E8DD /* Resources */ = {
			isa = PBXResourcesBuildPhase;
			buildActionMask = 2147483647;
			files = (
			);
			runOnlyForDeploymentPostprocessing = 0;
		};
		EF6C81792BA7A3AB0053E8DD /* Resources */ = {
			isa = PBXResourcesBuildPhase;
			buildActionMask = 2147483647;
			files = (
				EF6C81992BA7C2A80053E8DD /* GoogleService-Info.plist in Resources */,
			);
			runOnlyForDeploymentPostprocessing = 0;
		};
/* End PBXResourcesBuildPhase section */

/* Begin PBXSourcesBuildPhase section */
		EF6C81572BA7A3A90053E8DD /* Sources */ = {
			isa = PBXSourcesBuildPhase;
			buildActionMask = 2147483647;
			files = (
				EF6C818F2BA7AB060053E8DD /* LoginViewController.swift in Sources */,
				EF6C81632BA7A3A90053E8DD /* ViewController.swift in Sources */,
				EF6C815F2BA7A3A90053E8DD /* AppDelegate.swift in Sources */,
				EF6C81612BA7A3A90053E8DD /* SceneDelegate.swift in Sources */,
				EF6C81912BA7AD540053E8DD /* CreateNewViewController.swift in Sources */,
				EF6C819F2BA92C210053E8DD /* StartViewController.swift in Sources */,
			);
			runOnlyForDeploymentPostprocessing = 0;
		};
		EF6C816D2BA7A3AB0053E8DD /* Sources */ = {
			isa = PBXSourcesBuildPhase;
			buildActionMask = 2147483647;
			files = (
				EF6C81762BA7A3AB0053E8DD /* login_exampleTests.swift in Sources */,
			);
			runOnlyForDeploymentPostprocessing = 0;
		};
		EF6C81772BA7A3AB0053E8DD /* Sources */ = {
			isa = PBXSourcesBuildPhase;
			buildActionMask = 2147483647;
			files = (
				EF6C81802BA7A3AB0053E8DD /* login_exampleUITests.swift in Sources */,
				EF6C81822BA7A3AB0053E8DD /* login_exampleUITestsLaunchTests.swift in Sources */,
				EF6C81A02BA92C210053E8DD /* StartViewController.swift in Sources */,
			);
			runOnlyForDeploymentPostprocessing = 0;
		};
/* End PBXSourcesBuildPhase section */

/* Begin PBXTargetDependency section */
		EF6C81732BA7A3AB0053E8DD /* PBXTargetDependency */ = {
			isa = PBXTargetDependency;
			target = EF6C815A2BA7A3A90053E8DD /* login example */;
			targetProxy = EF6C81722BA7A3AB0053E8DD /* PBXContainerItemProxy */;
		};
		EF6C817D2BA7A3AB0053E8DD /* PBXTargetDependency */ = {
			isa = PBXTargetDependency;
			target = EF6C815A2BA7A3A90053E8DD /* login example */;
			targetProxy = EF6C817C2BA7A3AB0053E8DD /* PBXContainerItemProxy */;
		};
/* End PBXTargetDependency section */

/* Begin PBXVariantGroup section */
		EF6C81642BA7A3A90053E8DD /* Main.storyboard */ = {
			isa = PBXVariantGroup;
			children = (
				EF6C81652BA7A3A90053E8DD /* Base */,
			);
			name = Main.storyboard;
			sourceTree = "<group>";
		};
		EF6C81692BA7A3AB0053E8DD /* LaunchScreen.storyboard */ = {
			isa = PBXVariantGroup;
			children = (
				EF6C816A2BA7A3AB0053E8DD /* Base */,
			);
			name = LaunchScreen.storyboard;
			sourceTree = "<group>";
		};
/* End PBXVariantGroup section */

/* Begin XCBuildConfiguration section */
		EF6C81832BA7A3AB0053E8DD /* Debug */ = {
			isa = XCBuildConfiguration;
			buildSettings = {
				ALWAYS_SEARCH_USER_PATHS = NO;
				CLANG_ANALYZER_NONNULL = YES;
				CLANG_ANALYZER_NUMBER_OBJECT_CONVERSION = YES_AGGRESSIVE;
				CLANG_CXX_LANGUAGE_STANDARD = "gnu++17";
				CLANG_CXX_LIBRARY = "libc++";
				CLANG_ENABLE_MODULES = YES;
				CLANG_ENABLE_OBJC_ARC = YES;
				CLANG_ENABLE_OBJC_WEAK = YES;
				CLANG_WARN_BLOCK_CAPTURE_AUTORELEASING = YES;
				CLANG_WARN_BOOL_CONVERSION = YES;
				CLANG_WARN_COMMA = YES;
				CLANG_WARN_CONSTANT_CONVERSION = YES;
				CLANG_WARN_DEPRECATED_OBJC_IMPLEMENTATIONS = YES;
				CLANG_WARN_DIRECT_OBJC_ISA_USAGE = YES_ERROR;
				CLANG_WARN_DOCUMENTATION_COMMENTS = YES;
				CLANG_WARN_EMPTY_BODY = YES;
				CLANG_WARN_ENUM_CONVERSION = YES;
				CLANG_WARN_INFINITE_RECURSION = YES;
				CLANG_WARN_INT_CONVERSION = YES;
				CLANG_WARN_NON_LITERAL_NULL_CONVERSION = YES;
				CLANG_WARN_OBJC_IMPLICIT_RETAIN_SELF = YES;
				CLANG_WARN_OBJC_LITERAL_CONVERSION = YES;
				CLANG_WARN_OBJC_ROOT_CLASS = YES_ERROR;
				CLANG_WARN_QUOTED_INCLUDE_IN_FRAMEWORK_HEADER = YES;
				CLANG_WARN_RANGE_LOOP_ANALYSIS = YES;
				CLANG_WARN_STRICT_PROTOTYPES = YES;
				CLANG_WARN_SUSPICIOUS_MOVE = YES;
				CLANG_WARN_UNGUARDED_AVAILABILITY = YES_AGGRESSIVE;
				CLANG_WARN_UNREACHABLE_CODE = YES;
				CLANG_WARN__DUPLICATE_METHOD_MATCH = YES;
				COPY_PHASE_STRIP = NO;
				DEBUG_INFORMATION_FORMAT = dwarf;
				ENABLE_STRICT_OBJC_MSGSEND = YES;
				ENABLE_TESTABILITY = YES;
				GCC_C_LANGUAGE_STANDARD = gnu11;
				GCC_DYNAMIC_NO_PIC = NO;
				GCC_NO_COMMON_BLOCKS = YES;
				GCC_OPTIMIZATION_LEVEL = 0;
				GCC_PREPROCESSOR_DEFINITIONS = (
					"DEBUG=1",
					"$(inherited)",
				);
				GCC_WARN_64_TO_32_BIT_CONVERSION = YES;
				GCC_WARN_ABOUT_RETURN_TYPE = YES_ERROR;
				GCC_WARN_UNDECLARED_SELECTOR = YES;
				GCC_WARN_UNINITIALIZED_AUTOS = YES_AGGRESSIVE;
				GCC_WARN_UNUSED_FUNCTION = YES;
				GCC_WARN_UNUSED_VARIABLE = YES;
				IPHONEOS_DEPLOYMENT_TARGET = 15.2;
				MTL_ENABLE_DEBUG_INFO = INCLUDE_SOURCE;
				MTL_FAST_MATH = YES;
				ONLY_ACTIVE_ARCH = YES;
				SDKROOT = iphoneos;
				SWIFT_ACTIVE_COMPILATION_CONDITIONS = DEBUG;
				SWIFT_OPTIMIZATION_LEVEL = "-Onone";
			};
			name = Debug;
		};
		EF6C81842BA7A3AB0053E8DD /* Release */ = {
			isa = XCBuildConfiguration;
			buildSettings = {
				ALWAYS_SEARCH_USER_PATHS = NO;
				CLANG_ANALYZER_NONNULL = YES;
				CLANG_ANALYZER_NUMBER_OBJECT_CONVERSION = YES_AGGRESSIVE;
				CLANG_CXX_LANGUAGE_STANDARD = "gnu++17";
				CLANG_CXX_LIBRARY = "libc++";
				CLANG_ENABLE_MODULES = YES;
				CLANG_ENABLE_OBJC_ARC = YES;
				CLANG_ENABLE_OBJC_WEAK = YES;
				CLANG_WARN_BLOCK_CAPTURE_AUTORELEASING = YES;
				CLANG_WARN_BOOL_CONVERSION = YES;
				CLANG_WARN_COMMA = YES;
				CLANG_WARN_CONSTANT_CONVERSION = YES;
				CLANG_WARN_DEPRECATED_OBJC_IMPLEMENTATIONS = YES;
				CLANG_WARN_DIRECT_OBJC_ISA_USAGE = YES_ERROR;
				CLANG_WARN_DOCUMENTATION_COMMENTS = YES;
				CLANG_WARN_EMPTY_BODY = YES;
				CLANG_WARN_ENUM_CONVERSION = YES;
				CLANG_WARN_INFINITE_RECURSION = YES;
				CLANG_WARN_INT_CONVERSION = YES;
				CLANG_WARN_NON_LITERAL_NULL_CONVERSION = YES;
				CLANG_WARN_OBJC_IMPLICIT_RETAIN_SELF = YES;
				CLANG_WARN_OBJC_LITERAL_CONVERSION = YES;
				CLANG_WARN_OBJC_ROOT_CLASS = YES_ERROR;
				CLANG_WARN_QUOTED_INCLUDE_IN_FRAMEWORK_HEADER = YES;
				CLANG_WARN_RANGE_LOOP_ANALYSIS = YES;
				CLANG_WARN_STRICT_PROTOTYPES = YES;
				CLANG_WARN_SUSPICIOUS_MOVE = YES;
				CLANG_WARN_UNGUARDED_AVAILABILITY = YES_AGGRESSIVE;
				CLANG_WARN_UNREACHABLE_CODE = YES;
				CLANG_WARN__DUPLICATE_METHOD_MATCH = YES;
				COPY_PHASE_STRIP = NO;
				DEBUG_INFORMATION_FORMAT = "dwarf-with-dsym";
				ENABLE_NS_ASSERTIONS = NO;
				ENABLE_STRICT_OBJC_MSGSEND = YES;
				GCC_C_LANGUAGE_STANDARD = gnu11;
				GCC_NO_COMMON_BLOCKS = YES;
				GCC_WARN_64_TO_32_BIT_CONVERSION = YES;
				GCC_WARN_ABOUT_RETURN_TYPE = YES_ERROR;
				GCC_WARN_UNDECLARED_SELECTOR = YES;
				GCC_WARN_UNINITIALIZED_AUTOS = YES_AGGRESSIVE;
				GCC_WARN_UNUSED_FUNCTION = YES;
				GCC_WARN_UNUSED_VARIABLE = YES;
				IPHONEOS_DEPLOYMENT_TARGET = 15.2;
				MTL_ENABLE_DEBUG_INFO = NO;
				MTL_FAST_MATH = YES;
				SDKROOT = iphoneos;
				SWIFT_COMPILATION_MODE = wholemodule;
				SWIFT_OPTIMIZATION_LEVEL = "-O";
				VALIDATE_PRODUCT = YES;
			};
			name = Release;
		};
		EF6C81862BA7A3AB0053E8DD /* Debug */ = {
			isa = XCBuildConfiguration;
			buildSettings = {
				ASSETCATALOG_COMPILER_APPICON_NAME = AppIcon;
				ASSETCATALOG_COMPILER_GLOBAL_ACCENT_COLOR_NAME = AccentColor;
				CODE_SIGN_STYLE = Automatic;
				CURRENT_PROJECT_VERSION = 1;
				GENERATE_INFOPLIST_FILE = YES;
				INFOPLIST_FILE = "login example/Info.plist";
				INFOPLIST_KEY_UIApplicationSupportsIndirectInputEvents = YES;
				INFOPLIST_KEY_UILaunchStoryboardName = LaunchScreen;
				INFOPLIST_KEY_UIMainStoryboardFile = Main;
				INFOPLIST_KEY_UISupportedInterfaceOrientations_iPad = "UIInterfaceOrientationPortrait UIInterfaceOrientationPortraitUpsideDown UIInterfaceOrientationLandscapeLeft UIInterfaceOrientationLandscapeRight";
				INFOPLIST_KEY_UISupportedInterfaceOrientations_iPhone = "UIInterfaceOrientationPortrait UIInterfaceOrientationLandscapeLeft UIInterfaceOrientationLandscapeRight";
				LD_RUNPATH_SEARCH_PATHS = (
					"$(inherited)",
					"@executable_path/Frameworks",
				);
				MARKETING_VERSION = 1.0;
				PRODUCT_BUNDLE_IDENTIFIER = "com.example..login-example";
				PRODUCT_NAME = "$(TARGET_NAME)";
				SWIFT_EMIT_LOC_STRINGS = YES;
				SWIFT_VERSION = 5.0;
				TARGETED_DEVICE_FAMILY = "1,2";
			};
			name = Debug;
		};
		EF6C81872BA7A3AB0053E8DD /* Release */ = {
			isa = XCBuildConfiguration;
			buildSettings = {
				ASSETCATALOG_COMPILER_APPICON_NAME = AppIcon;
				ASSETCATALOG_COMPILER_GLOBAL_ACCENT_COLOR_NAME = AccentColor;
				CODE_SIGN_STYLE = Automatic;
				CURRENT_PROJECT_VERSION = 1;
				GENERATE_INFOPLIST_FILE = YES;
				INFOPLIST_FILE = "login example/Info.plist";
				INFOPLIST_KEY_UIApplicationSupportsIndirectInputEvents = YES;
				INFOPLIST_KEY_UILaunchStoryboardName = LaunchScreen;
				INFOPLIST_KEY_UIMainStoryboardFile = Main;
				INFOPLIST_KEY_UISupportedInterfaceOrientations_iPad = "UIInterfaceOrientationPortrait UIInterfaceOrientationPortraitUpsideDown UIInterfaceOrientationLandscapeLeft UIInterfaceOrientationLandscapeRight";
				INFOPLIST_KEY_UISupportedInterfaceOrientations_iPhone = "UIInterfaceOrientationPortrait UIInterfaceOrientationLandscapeLeft UIInterfaceOrientationLandscapeRight";
				LD_RUNPATH_SEARCH_PATHS = (
					"$(inherited)",
					"@executable_path/Frameworks",
				);
				MARKETING_VERSION = 1.0;
				PRODUCT_BUNDLE_IDENTIFIER = "com.example..login-example";
				PRODUCT_NAME = "$(TARGET_NAME)";
				SWIFT_EMIT_LOC_STRINGS = YES;
				SWIFT_VERSION = 5.0;
				TARGETED_DEVICE_FAMILY = "1,2";
			};
			name = Release;
		};
		EF6C81892BA7A3AB0053E8DD /* Debug */ = {
			isa = XCBuildConfiguration;
			buildSettings = {
				ALWAYS_EMBED_SWIFT_STANDARD_LIBRARIES = YES;
				BUNDLE_LOADER = "$(TEST_HOST)";
				CODE_SIGN_STYLE = Automatic;
				CURRENT_PROJECT_VERSION = 1;
				GENERATE_INFOPLIST_FILE = YES;
				IPHONEOS_DEPLOYMENT_TARGET = 15.2;
				MARKETING_VERSION = 1.0;
				PRODUCT_BUNDLE_IDENTIFIER = "com.example..login-exampleTests";
				PRODUCT_NAME = "$(TARGET_NAME)";
				SWIFT_EMIT_LOC_STRINGS = NO;
				SWIFT_VERSION = 5.0;
				TARGETED_DEVICE_FAMILY = "1,2";
				TEST_HOST = "$(BUILT_PRODUCTS_DIR)/login example.app/login example";
			};
			name = Debug;
		};
		EF6C818A2BA7A3AB0053E8DD /* Release */ = {
			isa = XCBuildConfiguration;
			buildSettings = {
				ALWAYS_EMBED_SWIFT_STANDARD_LIBRARIES = YES;
				BUNDLE_LOADER = "$(TEST_HOST)";
				CODE_SIGN_STYLE = Automatic;
				CURRENT_PROJECT_VERSION = 1;
				GENERATE_INFOPLIST_FILE = YES;
				IPHONEOS_DEPLOYMENT_TARGET = 15.2;
				MARKETING_VERSION = 1.0;
				PRODUCT_BUNDLE_IDENTIFIER = "com.example..login-exampleTests";
				PRODUCT_NAME = "$(TARGET_NAME)";
				SWIFT_EMIT_LOC_STRINGS = NO;
				SWIFT_VERSION = 5.0;
				TARGETED_DEVICE_FAMILY = "1,2";
				TEST_HOST = "$(BUILT_PRODUCTS_DIR)/login example.app/login example";
			};
			name = Release;
		};
		EF6C818C2BA7A3AB0053E8DD /* Debug */ = {
			isa = XCBuildConfiguration;
			buildSettings = {
				ALWAYS_EMBED_SWIFT_STANDARD_LIBRARIES = YES;
				CODE_SIGN_STYLE = Automatic;
				CURRENT_PROJECT_VERSION = 1;
				GENERATE_INFOPLIST_FILE = YES;
				MARKETING_VERSION = 1.0;
				PRODUCT_BUNDLE_IDENTIFIER = "com.example..login-exampleUITests";
				PRODUCT_NAME = "$(TARGET_NAME)";
				SWIFT_EMIT_LOC_STRINGS = NO;
				SWIFT_VERSION = 5.0;
				TARGETED_DEVICE_FAMILY = "1,2";
				TEST_TARGET_NAME = "login example";
			};
			name = Debug;
		};
		EF6C818D2BA7A3AB0053E8DD /* Release */ = {
			isa = XCBuildConfiguration;
			buildSettings = {
				ALWAYS_EMBED_SWIFT_STANDARD_LIBRARIES = YES;
				CODE_SIGN_STYLE = Automatic;
				CURRENT_PROJECT_VERSION = 1;
				GENERATE_INFOPLIST_FILE = YES;
				MARKETING_VERSION = 1.0;
				PRODUCT_BUNDLE_IDENTIFIER = "com.example..login-exampleUITests";
				PRODUCT_NAME = "$(TARGET_NAME)";
				SWIFT_EMIT_LOC_STRINGS = NO;
				SWIFT_VERSION = 5.0;
				TARGETED_DEVICE_FAMILY = "1,2";
				TEST_TARGET_NAME = "login example";
			};
			name = Release;
		};
/* End XCBuildConfiguration section */

/* Begin XCConfigurationList section */
		EF6C81562BA7A3A90053E8DD /* Build configuration list for PBXProject "login example" */ = {
			isa = XCConfigurationList;
			buildConfigurations = (
				EF6C81832BA7A3AB0053E8DD /* Debug */,
				EF6C81842BA7A3AB0053E8DD /* Release */,
			);
			defaultConfigurationIsVisible = 0;
			defaultConfigurationName = Release;
		};
		EF6C81852BA7A3AB0053E8DD /* Build configuration list for PBXNativeTarget "login example" */ = {
			isa = XCConfigurationList;
			buildConfigurations = (
				EF6C81862BA7A3AB0053E8DD /* Debug */,
				EF6C81872BA7A3AB0053E8DD /* Release */,
			);
			defaultConfigurationIsVisible = 0;
			defaultConfigurationName = Release;
		};
		EF6C81882BA7A3AB0053E8DD /* Build configuration list for PBXNativeTarget "login exampleTests" */ = {
			isa = XCConfigurationList;
			buildConfigurations = (
				EF6C81892BA7A3AB0053E8DD /* Debug */,
				EF6C818A2BA7A3AB0053E8DD /* Release */,
			);
			defaultConfigurationIsVisible = 0;
			defaultConfigurationName = Release;
		};
		EF6C818B2BA7A3AB0053E8DD /* Build configuration list for PBXNativeTarget "login exampleUITests" */ = {
			isa = XCConfigurationList;
			buildConfigurations = (
				EF6C818C2BA7A3AB0053E8DD /* Debug */,
				EF6C818D2BA7A3AB0053E8DD /* Release */,
			);
			defaultConfigurationIsVisible = 0;
			defaultConfigurationName = Release;
		};
/* End XCConfigurationList section */

/* Begin XCRemoteSwiftPackageReference section */
		EF6C81942BA7B4B30053E8DD /* XCRemoteSwiftPackageReference "firebase-ios-sdk" */ = {
			isa = XCRemoteSwiftPackageReference;
			repositoryURL = "https://github.com/firebase/firebase-ios-sdk";
			requirement = {
				kind = upToNextMajorVersion;
				minimumVersion = 9.0.0;
			};
		};
/* End XCRemoteSwiftPackageReference section */

/* Begin XCSwiftPackageProductDependency section */
		EF6C81952BA7B4B30053E8DD /* FirebaseAuth */ = {
			isa = XCSwiftPackageProductDependency;
			package = EF6C81942BA7B4B30053E8DD /* XCRemoteSwiftPackageReference "firebase-ios-sdk" */;
			productName = FirebaseAuth;
		};
/* End XCSwiftPackageProductDependency section */
	};
	rootObject = EF6C81532BA7A3A90053E8DD /* Project object */;
}
